
Microsoft Visual Studio Solution File, Format Version 12.00
# Visual Studio Version 17
VisualStudioVersion = 17.12.35506.116
MinimumVisualStudioVersion = 10.0.40219.1
Project("{FAE04EC0-301F-11D3-BF4B-00C04F79EFBC}") = "BPCalculator", "BPCalculator\BPCalculator.csproj", "{5966DA6C-819D-4303-ADC7-425B8541EC84}"
EndProject
Project("{FAE04EC0-301F-11D3-BF4B-00C04F79EFBC}") = "BPCaluatorUnitTests", "BPCaluatorUnitTests\BPCaluatorUnitTests.csproj", "{38272463-172B-4BDB-9D8E-40CF379F685D}"
EndProject
Project("{FAE04EC0-301F-11D3-BF4B-00C04F79EFBC}") = "SeleniumTests", "SeleniumTests\SeleniumTests.csproj", "{A75869BB-6495-4595-9D2C-61F6A83B0B84}"
EndProject
Project("{2150E333-8FDC-42A3-9474-1A3956D46DE8}") = "Solution Items", "Solution Items", "{967B12C1-326E-4CF5-B1D3-B85499B7E426}"
	ProjectSection(SolutionItems) = preProject
		AppTest.runsettings = AppTest.runsettings
	EndProjectSection
EndProject
Global
	GlobalSection(SolutionConfigurationPlatforms) = preSolution
		Debug|Any CPU = Debug|Any CPU
		Release|Any CPU = Release|Any CPU
	EndGlobalSection
	GlobalSection(ProjectConfigurationPlatforms) = postSolution
		{5966DA6C-819D-4303-ADC7-425B8541EC84}.Debug|Any CPU.ActiveCfg = Debug|Any CPU
		{5966DA6C-819D-4303-ADC7-425B8541EC84}.Debug|Any CPU.Build.0 = Debug|Any CPU
		{5966DA6C-819D-4303-ADC7-425B8541EC84}.Release|Any CPU.ActiveCfg = Release|Any CPU
		{5966DA6C-819D-4303-ADC7-425B8541EC84}.Release|Any CPU.Build.0 = Release|Any CPU
		{38272463-172B-4BDB-9D8E-40CF379F685D}.Debug|Any CPU.ActiveCfg = Debug|Any CPU
		{38272463-172B-4BDB-9D8E-40CF379F685D}.Debug|Any CPU.Build.0 = Debug|Any CPU
		{38272463-172B-4BDB-9D8E-40CF379F685D}.Release|Any CPU.ActiveCfg = Release|Any CPU
		{38272463-172B-4BDB-9D8E-40CF379F685D}.Release|Any CPU.Build.0 = Release|Any CPU
		{A75869BB-6495-4595-9D2C-61F6A83B0B84}.Debug|Any CPU.ActiveCfg = Debug|Any CPU
		{A75869BB-6495-4595-9D2C-61F6A83B0B84}.Debug|Any CPU.Build.0 = Debug|Any CPU
		{A75869BB-6495-4595-9D2C-61F6A83B0B84}.Release|Any CPU.ActiveCfg = Release|Any CPU
		{A75869BB-6495-4595-9D2C-61F6A83B0B84}.Release|Any CPU.Build.0 = Release|Any CPU
	EndGlobalSection
	GlobalSection(SolutionProperties) = preSolution
		HideSolutionNode = FALSE
	EndGlobalSection
	GlobalSection(ExtensibilityGlobals) = postSolution
		SolutionGuid = {0888B091-BD2A-49F1-9C68-09927D2EC2D8}
	EndGlobalSection
EndGlobal
